
Microsoft Visual Studio Solution File, Format Version 12.00
# Visual Studio 15
VisualStudioVersion = 15.0.28307.645
MinimumVisualStudioVersion = 10.0.40219.1
Project("{FAE04EC0-301F-11D3-BF4B-00C04F79EFBC}") = "MySerialPort", "MySerialPort\MySerialPort.csproj", "{0D76067D-34AF-4043-9529-4F70F8A45F04}"
EndProject
Global
	GlobalSection(SolutionConfigurationPlatforms) = preSolution
		Debug|Any CPU = Debug|Any CPU
		Release|Any CPU = Release|Any CPU
	EndGlobalSection
	GlobalSection(ProjectConfigurationPlatforms) = postSolution
		{0D76067D-34AF-4043-9529-4F70F8A45F04}.Debug|Any CPU.ActiveCfg = Debug|Any CPU
		{0D76067D-34AF-4043-9529-4F70F8A45F04}.Debug|Any CPU.Build.0 = Debug|Any CPU
		{0D76067D-34AF-4043-9529-4F70F8A45F04}.Release|Any CPU.ActiveCfg = Release|Any CPU
		{0D76067D-34AF-4043-9529-4F70F8A45F04}.Release|Any CPU.Build.0 = Release|Any CPU
	EndGlobalSection
	GlobalSection(SolutionProperties) = preSolution
		HideSolutionNode = FALSE
	EndGlobalSection
	GlobalSection(ExtensibilityGlobals) = postSolution
		SolutionGuid = {61B020F7-9556-4F6B-A4BB-3131AE238319}
	EndGlobalSection
EndGlobal
